// !$*UTF8*$!
{
	archiveVersion = 1;
	classes = {
	};
	objectVersion = 50;
	objects = {

/* Begin PBXBuildFile section */
		3D5B8B9C2088787F006889E8 /* SetViewController.swift in Sources */ = {isa = PBXBuildFile; fileRef = 3D5B8B9B2088787F006889E8 /* SetViewController.swift */; };
		3D5B8B9F2088793F006889E8 /* SetTableViewCell.swift in Sources */ = {isa = PBXBuildFile; fileRef = 3D5B8B9E2088793F006889E8 /* SetTableViewCell.swift */; };
		3D5B8BA2208879B9006889E8 /* SetView.swift in Sources */ = {isa = PBXBuildFile; fileRef = 3D5B8BA1208879B9006889E8 /* SetView.swift */; };
		3D5B8BB9208D8988006889E8 /* SnapKit.framework in Frameworks */ = {isa = PBXBuildFile; fileRef = 3D5B8BB8208D8988006889E8 /* SnapKit.framework */; };
		3D5B8BBB208D898C006889E8 /* Alamofire.framework in Frameworks */ = {isa = PBXBuildFile; fileRef = 3D5B8BBA208D898C006889E8 /* Alamofire.framework */; };
		3DEC10142084394100E19D68 /* AppDelegate.swift in Sources */ = {isa = PBXBuildFile; fileRef = 3DEC10132084394100E19D68 /* AppDelegate.swift */; };
		3DEC10192084394100E19D68 /* Main.storyboard in Resources */ = {isa = PBXBuildFile; fileRef = 3DEC10172084394100E19D68 /* Main.storyboard */; };
		3DEC101B2084394400E19D68 /* Assets.xcassets in Resources */ = {isa = PBXBuildFile; fileRef = 3DEC101A2084394400E19D68 /* Assets.xcassets */; };
		3DEC101E2084394400E19D68 /* LaunchScreen.storyboard in Resources */ = {isa = PBXBuildFile; fileRef = 3DEC101C2084394400E19D68 /* LaunchScreen.storyboard */; };
		3DEC11262084464000E19D68 /* BaseTabBarController.swift in Sources */ = {isa = PBXBuildFile; fileRef = 3DEC11252084464000E19D68 /* BaseTabBarController.swift */; };
		3DEC1130208491C600E19D68 /* BaseViewController.swift in Sources */ = {isa = PBXBuildFile; fileRef = 3DEC112F208491C600E19D68 /* BaseViewController.swift */; };
		3DEC1132208491EE00E19D68 /* HomeViewController.swift in Sources */ = {isa = PBXBuildFile; fileRef = 3DEC1131208491EE00E19D68 /* HomeViewController.swift */; };
		3DEC11342084920500E19D68 /* MessageViewController.swift in Sources */ = {isa = PBXBuildFile; fileRef = 3DEC11332084920500E19D68 /* MessageViewController.swift */; };
		3DEC11362084921600E19D68 /* ComposeViewController.swift in Sources */ = {isa = PBXBuildFile; fileRef = 3DEC11352084921600E19D68 /* ComposeViewController.swift */; };
		3DEC11382084922500E19D68 /* DiscoverViewController.swift in Sources */ = {isa = PBXBuildFile; fileRef = 3DEC11372084922500E19D68 /* DiscoverViewController.swift */; };
		3DEC113A2084923300E19D68 /* MyViewController.swift in Sources */ = {isa = PBXBuildFile; fileRef = 3DEC11392084923300E19D68 /* MyViewController.swift */; };
		3DEC113C2084929C00E19D68 /* BaseNavigationController.swift in Sources */ = {isa = PBXBuildFile; fileRef = 3DEC113B2084929C00E19D68 /* BaseNavigationController.swift */; };
		3DEC1143208595A300E19D68 /* MyView.swift in Sources */ = {isa = PBXBuildFile; fileRef = 3DEC1142208595A300E19D68 /* MyView.swift */; };
		3DEC11452085A51800E19D68 /* MyTableViewCell.swift in Sources */ = {isa = PBXBuildFile; fileRef = 3DEC11442085A51800E19D68 /* MyTableViewCell.swift */; };
		3DEC11472086E0B500E19D68 /* MyProfileTableViewCell.swift in Sources */ = {isa = PBXBuildFile; fileRef = 3DEC11462086E0B500E19D68 /* MyProfileTableViewCell.swift */; };
		3DEC11492086E5B200E19D68 /* CustomMyView.swift in Sources */ = {isa = PBXBuildFile; fileRef = 3DEC11482086E5B200E19D68 /* CustomMyView.swift */; };
		8A3D3935DB56DD01269FF9D2 /* Pods_WeiboDemo.framework in Frameworks */ = {isa = PBXBuildFile; fileRef = EFA2E3E966D610ABD0658B39 /* Pods_WeiboDemo.framework */; };
/* End PBXBuildFile section */

/* Begin PBXCopyFilesBuildPhase section */
		3DEC108620843FF000E19D68 /* Embed Frameworks */ = {
			isa = PBXCopyFilesBuildPhase;
			buildActionMask = 2147483647;
			dstPath = "";
			dstSubfolderSpec = 10;
			files = (
			);
			name = "Embed Frameworks";
			runOnlyForDeploymentPostprocessing = 0;
		};
/* End PBXCopyFilesBuildPhase section */

/* Begin PBXFileReference section */
		119DBFCAB34AD8C2DEED01D3 /* Pods-WeiboDemo.debug.xcconfig */ = {isa = PBXFileReference; includeInIndex = 1; lastKnownFileType = text.xcconfig; name = "Pods-WeiboDemo.debug.xcconfig"; path = "Pods/Target Support Files/Pods-WeiboDemo/Pods-WeiboDemo.debug.xcconfig"; sourceTree = "<group>"; };
		3D5B8B9B2088787F006889E8 /* SetViewController.swift */ = {isa = PBXFileReference; lastKnownFileType = sourcecode.swift; path = SetViewController.swift; sourceTree = "<group>"; };
		3D5B8B9E2088793F006889E8 /* SetTableViewCell.swift */ = {isa = PBXFileReference; lastKnownFileType = sourcecode.swift; path = SetTableViewCell.swift; sourceTree = "<group>"; };
		3D5B8BA1208879B9006889E8 /* SetView.swift */ = {isa = PBXFileReference; lastKnownFileType = sourcecode.swift; path = SetView.swift; sourceTree = "<group>"; };
		3D5B8BB8208D8988006889E8 /* SnapKit.framework */ = {isa = PBXFileReference; explicitFileType = wrapper.framework; path = SnapKit.framework; sourceTree = BUILT_PRODUCTS_DIR; };
		3D5B8BBA208D898C006889E8 /* Alamofire.framework */ = {isa = PBXFileReference; explicitFileType = wrapper.framework; path = Alamofire.framework; sourceTree = BUILT_PRODUCTS_DIR; };
		3DEC10102084394100E19D68 /* WeiboDemo.app */ = {isa = PBXFileReference; explicitFileType = wrapper.application; includeInIndex = 0; path = WeiboDemo.app; sourceTree = BUILT_PRODUCTS_DIR; };
		3DEC10132084394100E19D68 /* AppDelegate.swift */ = {isa = PBXFileReference; lastKnownFileType = sourcecode.swift; path = AppDelegate.swift; sourceTree = "<group>"; };
		3DEC10182084394100E19D68 /* Base */ = {isa = PBXFileReference; lastKnownFileType = file.storyboard; name = Base; path = Base.lproj/Main.storyboard; sourceTree = "<group>"; };
		3DEC101A2084394400E19D68 /* Assets.xcassets */ = {isa = PBXFileReference; lastKnownFileType = folder.assetcatalog; path = Assets.xcassets; sourceTree = "<group>"; };
		3DEC101D2084394400E19D68 /* Base */ = {isa = PBXFileReference; lastKnownFileType = file.storyboard; name = Base; path = Base.lproj/LaunchScreen.storyboard; sourceTree = "<group>"; };
		3DEC101F2084394400E19D68 /* Info.plist */ = {isa = PBXFileReference; lastKnownFileType = text.plist.xml; path = Info.plist; sourceTree = "<group>"; };
		3DEC11252084464000E19D68 /* BaseTabBarController.swift */ = {isa = PBXFileReference; lastKnownFileType = sourcecode.swift; path = BaseTabBarController.swift; sourceTree = "<group>"; };
		3DEC112F208491C600E19D68 /* BaseViewController.swift */ = {isa = PBXFileReference; lastKnownFileType = sourcecode.swift; path = BaseViewController.swift; sourceTree = "<group>"; };
		3DEC1131208491EE00E19D68 /* HomeViewController.swift */ = {isa = PBXFileReference; lastKnownFileType = sourcecode.swift; path = HomeViewController.swift; sourceTree = "<group>"; };
		3DEC11332084920500E19D68 /* MessageViewController.swift */ = {isa = PBXFileReference; lastKnownFileType = sourcecode.swift; path = MessageViewController.swift; sourceTree = "<group>"; };
		3DEC11352084921600E19D68 /* ComposeViewController.swift */ = {isa = PBXFileReference; lastKnownFileType = sourcecode.swift; path = ComposeViewController.swift; sourceTree = "<group>"; };
		3DEC11372084922500E19D68 /* DiscoverViewController.swift */ = {isa = PBXFileReference; lastKnownFileType = sourcecode.swift; path = DiscoverViewController.swift; sourceTree = "<group>"; };
		3DEC11392084923300E19D68 /* MyViewController.swift */ = {isa = PBXFileReference; lastKnownFileType = sourcecode.swift; path = MyViewController.swift; sourceTree = "<group>"; };
		3DEC113B2084929C00E19D68 /* BaseNavigationController.swift */ = {isa = PBXFileReference; lastKnownFileType = sourcecode.swift; path = BaseNavigationController.swift; sourceTree = "<group>"; };
		3DEC1142208595A300E19D68 /* MyView.swift */ = {isa = PBXFileReference; lastKnownFileType = sourcecode.swift; path = MyView.swift; sourceTree = "<group>"; };
		3DEC11442085A51800E19D68 /* MyTableViewCell.swift */ = {isa = PBXFileReference; lastKnownFileType = sourcecode.swift; path = MyTableViewCell.swift; sourceTree = "<group>"; };
		3DEC11462086E0B500E19D68 /* MyProfileTableViewCell.swift */ = {isa = PBXFileReference; lastKnownFileType = sourcecode.swift; path = MyProfileTableViewCell.swift; sourceTree = "<group>"; };
		3DEC11482086E5B200E19D68 /* CustomMyView.swift */ = {isa = PBXFileReference; lastKnownFileType = sourcecode.swift; path = CustomMyView.swift; sourceTree = "<group>"; };
		C99E4F935DDCA91042821858 /* Pods-WeiboDemo.release.xcconfig */ = {isa = PBXFileReference; includeInIndex = 1; lastKnownFileType = text.xcconfig; name = "Pods-WeiboDemo.release.xcconfig"; path = "Pods/Target Support Files/Pods-WeiboDemo/Pods-WeiboDemo.release.xcconfig"; sourceTree = "<group>"; };
		EFA2E3E966D610ABD0658B39 /* Pods_WeiboDemo.framework */ = {isa = PBXFileReference; explicitFileType = wrapper.framework; includeInIndex = 0; path = Pods_WeiboDemo.framework; sourceTree = BUILT_PRODUCTS_DIR; };
/* End PBXFileReference section */

/* Begin PBXFrameworksBuildPhase section */
		3DEC100D2084394100E19D68 /* Frameworks */ = {
			isa = PBXFrameworksBuildPhase;
			buildActionMask = 2147483647;
			files = (
				3D5B8BBB208D898C006889E8 /* Alamofire.framework in Frameworks */,
				3D5B8BB9208D8988006889E8 /* SnapKit.framework in Frameworks */,
				8A3D3935DB56DD01269FF9D2 /* Pods_WeiboDemo.framework in Frameworks */,
			);
			runOnlyForDeploymentPostprocessing = 0;
		};
/* End PBXFrameworksBuildPhase section */

/* Begin PBXGroup section */
		0FD467DA200852ADF5C19068 /* Pods */ = {
			isa = PBXGroup;
			children = (
				119DBFCAB34AD8C2DEED01D3 /* Pods-WeiboDemo.debug.xcconfig */,
				C99E4F935DDCA91042821858 /* Pods-WeiboDemo.release.xcconfig */,
			);
			name = Pods;
			sourceTree = "<group>";
		};
		3D5B8B9320887839006889E8 /* Set(设置) */ = {
			isa = PBXGroup;
			children = (
				3D5B8BA02088799D006889E8 /* View */,
				3D5B8B9D208878A0006889E8 /* Cell */,
				3D5B8B9B2088787F006889E8 /* SetViewController.swift */,
			);
			path = "Set(设置)";
			sourceTree = "<group>";
		};
		3D5B8B9D208878A0006889E8 /* Cell */ = {
			isa = PBXGroup;
			children = (
				3D5B8B9E2088793F006889E8 /* SetTableViewCell.swift */,
			);
			path = Cell;
			sourceTree = "<group>";
		};
		3D5B8BA02088799D006889E8 /* View */ = {
			isa = PBXGroup;
			children = (
				3D5B8BA1208879B9006889E8 /* SetView.swift */,
			);
			path = View;
			sourceTree = "<group>";
		};
		3DEC10072084394100E19D68 = {
			isa = PBXGroup;
			children = (
				3DEC10122084394100E19D68 /* WeiboDemo */,
				3DEC10112084394100E19D68 /* Products */,
				0FD467DA200852ADF5C19068 /* Pods */,
				DCB1704F6EAB5B6269C28FC7 /* Frameworks */,
			);
			sourceTree = "<group>";
		};
		3DEC10112084394100E19D68 /* Products */ = {
			isa = PBXGroup;
			children = (
				3DEC10102084394100E19D68 /* WeiboDemo.app */,
			);
			name = Products;
			sourceTree = "<group>";
		};
		3DEC10122084394100E19D68 /* WeiboDemo */ = {
			isa = PBXGroup;
			children = (
				3DEC102720843A3200E19D68 /* Source */,
				3DEC1124208445D800E19D68 /* Core */,
				3DEC112720848F1E00E19D68 /* Classes */,
				3DEC10132084394100E19D68 /* AppDelegate.swift */,
				3DEC10172084394100E19D68 /* Main.storyboard */,
				3DEC101A2084394400E19D68 /* Assets.xcassets */,
				3DEC101C2084394400E19D68 /* LaunchScreen.storyboard */,
				3DEC101F2084394400E19D68 /* Info.plist */,
			);
			path = WeiboDemo;
			sourceTree = "<group>";
		};
		3DEC102720843A3200E19D68 /* Source */ = {
			isa = PBXGroup;
			children = (
			);
			path = Source;
			sourceTree = "<group>";
		};
		3DEC1124208445D800E19D68 /* Core */ = {
			isa = PBXGroup;
			children = (
				3DEC11252084464000E19D68 /* BaseTabBarController.swift */,
				3DEC112F208491C600E19D68 /* BaseViewController.swift */,
				3DEC113B2084929C00E19D68 /* BaseNavigationController.swift */,
			);
			path = Core;
			sourceTree = "<group>";
		};
		3DEC112720848F1E00E19D68 /* Classes */ = {
			isa = PBXGroup;
			children = (
				3DEC11282084908E00E19D68 /* Home(首页) */,
				3DEC112A208490B900E19D68 /* Message(消息) */,
				3DEC112B208490C900E19D68 /* Compose(发布) */,
				3DEC112C208490D800E19D68 /* Discover(发现) */,
				3DEC112E208490F700E19D68 /* My(我) */,
			);
			path = Classes;
			sourceTree = "<group>";
		};
		3DEC11282084908E00E19D68 /* Home(首页) */ = {
			isa = PBXGroup;
			children = (
				3DEC1131208491EE00E19D68 /* HomeViewController.swift */,
			);
			path = "Home(首页)";
			sourceTree = "<group>";
		};
		3DEC112A208490B900E19D68 /* Message(消息) */ = {
			isa = PBXGroup;
			children = (
				3DEC11332084920500E19D68 /* MessageViewController.swift */,
			);
			path = "Message(消息)";
			sourceTree = "<group>";
		};
		3DEC112B208490C900E19D68 /* Compose(发布) */ = {
			isa = PBXGroup;
			children = (
				3DEC11352084921600E19D68 /* ComposeViewController.swift */,
			);
			path = "Compose(发布)";
			sourceTree = "<group>";
		};
		3DEC112C208490D800E19D68 /* Discover(发现) */ = {
			isa = PBXGroup;
			children = (
				3DEC11372084922500E19D68 /* DiscoverViewController.swift */,
			);
			path = "Discover(发现)";
			sourceTree = "<group>";
		};
		3DEC112E208490F700E19D68 /* My(我) */ = {
			isa = PBXGroup;
			children = (
				3DEC11392084923300E19D68 /* MyViewController.swift */,
				3D5B8B9320887839006889E8 /* Set(设置) */,
				3DEC113E2085904000E19D68 /* Cell */,
				3DEC113D2085903F00E19D68 /* Model */,
				3DEC113F2085904000E19D68 /* View */,
			);
			path = "My(我)";
			sourceTree = "<group>";
		};
		3DEC113D2085903F00E19D68 /* Model */ = {
			isa = PBXGroup;
			children = (
			);
			path = Model;
			sourceTree = "<group>";
		};
		3DEC113E2085904000E19D68 /* Cell */ = {
			isa = PBXGroup;
			children = (
				3DEC11442085A51800E19D68 /* MyTableViewCell.swift */,
				3DEC11462086E0B500E19D68 /* MyProfileTableViewCell.swift */,
			);
			path = Cell;
			sourceTree = "<group>";
		};
		3DEC113F2085904000E19D68 /* View */ = {
			isa = PBXGroup;
			children = (
				3DEC1142208595A300E19D68 /* MyView.swift */,
				3DEC11482086E5B200E19D68 /* CustomMyView.swift */,
			);
			path = View;
			sourceTree = "<group>";
		};
		DCB1704F6EAB5B6269C28FC7 /* Frameworks */ = {
			isa = PBXGroup;
			children = (
				3D5B8BBA208D898C006889E8 /* Alamofire.framework */,
				3D5B8BB8208D8988006889E8 /* SnapKit.framework */,
				EFA2E3E966D610ABD0658B39 /* Pods_WeiboDemo.framework */,
			);
			name = Frameworks;
			sourceTree = "<group>";
		};
/* End PBXGroup section */

/* Begin PBXNativeTarget section */
		3DEC100F2084394100E19D68 /* WeiboDemo */ = {
			isa = PBXNativeTarget;
			buildConfigurationList = 3DEC10222084394400E19D68 /* Build configuration list for PBXNativeTarget "WeiboDemo" */;
			buildPhases = (
				2F0FE38449107764A00838DF /* [CP] Check Pods Manifest.lock */,
				3DEC100C2084394100E19D68 /* Sources */,
				3DEC100D2084394100E19D68 /* Frameworks */,
				3DEC100E2084394100E19D68 /* Resources */,
				3DEC108620843FF000E19D68 /* Embed Frameworks */,
				3D5B8BA4208888C3006889E8 /* ShellScript */,
				B040FE5BE79AE417130E0EED /* [CP] Embed Pods Frameworks */,
			);
			buildRules = (
			);
			dependencies = (
			);
			name = WeiboDemo;
			productName = WeiboDemo;
			productReference = 3DEC10102084394100E19D68 /* WeiboDemo.app */;
			productType = "com.apple.product-type.application";
		};
/* End PBXNativeTarget section */

/* Begin PBXProject section */
		3DEC10082084394100E19D68 /* Project object */ = {
			isa = PBXProject;
			attributes = {
				LastSwiftUpdateCheck = 0930;
				LastUpgradeCheck = 0930;
				ORGANIZATIONNAME = "贺文杰";
				TargetAttributes = {
					3DEC100F2084394100E19D68 = {
						CreatedOnToolsVersion = 9.3;
					};
				};
			};
			buildConfigurationList = 3DEC100B2084394100E19D68 /* Build configuration list for PBXProject "WeiboDemo" */;
			compatibilityVersion = "Xcode 9.3";
			developmentRegion = en;
			hasScannedForEncodings = 0;
			knownRegions = (
				en,
				Base,
			);
			mainGroup = 3DEC10072084394100E19D68;
			productRefGroup = 3DEC10112084394100E19D68 /* Products */;
			projectDirPath = "";
			projectRoot = "";
			targets = (
				3DEC100F2084394100E19D68 /* WeiboDemo */,
			);
		};
/* End PBXProject section */

/* Begin PBXResourcesBuildPhase section */
		3DEC100E2084394100E19D68 /* Resources */ = {
			isa = PBXResourcesBuildPhase;
			buildActionMask = 2147483647;
			files = (
				3DEC101E2084394400E19D68 /* LaunchScreen.storyboard in Resources */,
				3DEC101B2084394400E19D68 /* Assets.xcassets in Resources */,
				3DEC10192084394100E19D68 /* Main.storyboard in Resources */,
			);
			runOnlyForDeploymentPostprocessing = 0;
		};
/* End PBXResourcesBuildPhase section */

/* Begin PBXShellScriptBuildPhase section */
		2F0FE38449107764A00838DF /* [CP] Check Pods Manifest.lock */ = {
			isa = PBXShellScriptBuildPhase;
			buildActionMask = 2147483647;
			files = (
			);
			inputPaths = (
				"${PODS_PODFILE_DIR_PATH}/Podfile.lock",
				"${PODS_ROOT}/Manifest.lock",
			);
			name = "[CP] Check Pods Manifest.lock";
			outputPaths = (
				"$(DERIVED_FILE_DIR)/Pods-WeiboDemo-checkManifestLockResult.txt",
			);
			runOnlyForDeploymentPostprocessing = 0;
			shellPath = /bin/sh;
			shellScript = "diff \"${PODS_PODFILE_DIR_PATH}/Podfile.lock\" \"${PODS_ROOT}/Manifest.lock\" > /dev/null\nif [ $? != 0 ] ; then\n    # print error to STDERR\n    echo \"error: The sandbox is not in sync with the Podfile.lock. Run 'pod install' or update your CocoaPods installation.\" >&2\n    exit 1\nfi\n# This output is used by Xcode 'outputs' to avoid re-running this script phase.\necho \"SUCCESS\" > \"${SCRIPT_OUTPUT_FILE_0}\"\n";
			showEnvVarsInLog = 0;
		};
		3D5B8BA4208888C3006889E8 /* ShellScript */ = {
			isa = PBXShellScriptBuildPhase;
			buildActionMask = 2147483647;
			files = (
			);
			inputPaths = (
			);
			outputPaths = (
			);
			runOnlyForDeploymentPostprocessing = 0;
			shellPath = /bin/sh;
			shellScript = "if [ \"${CONFIGURATION}\" = \"Debug\" ]; then\n\"${PODS_ROOT}/SwiftLint/swiftlint\" autocorrect\n\"${PODS_ROOT}/SwiftLint/swiftlint\"\nfi";
		};
		B040FE5BE79AE417130E0EED /* [CP] Embed Pods Frameworks */ = {
			isa = PBXShellScriptBuildPhase;
			buildActionMask = 2147483647;
			files = (
			);
			inputPaths = (
				"${SRCROOT}/Pods/Target Support Files/Pods-WeiboDemo/Pods-WeiboDemo-frameworks.sh",
				"${BUILT_PRODUCTS_DIR}/Alamofire/Alamofire.framework",
				"${BUILT_PRODUCTS_DIR}/SnapKit/SnapKit.framework",
			);
			name = "[CP] Embed Pods Frameworks";
			outputPaths = (
				"${TARGET_BUILD_DIR}/${FRAMEWORKS_FOLDER_PATH}/Alamofire.framework",
				"${TARGET_BUILD_DIR}/${FRAMEWORKS_FOLDER_PATH}/SnapKit.framework",
			);
			runOnlyForDeploymentPostprocessing = 0;
			shellPath = /bin/sh;
			shellScript = "\"${SRCROOT}/Pods/Target Support Files/Pods-WeiboDemo/Pods-WeiboDemo-frameworks.sh\"\n";
			showEnvVarsInLog = 0;
		};
/* End PBXShellScriptBuildPhase section */

/* Begin PBXSourcesBuildPhase section */
		3DEC100C2084394100E19D68 /* Sources */ = {
			isa = PBXSourcesBuildPhase;
			buildActionMask = 2147483647;
			files = (
				3DEC11342084920500E19D68 /* MessageViewController.swift in Sources */,
				3DEC11492086E5B200E19D68 /* CustomMyView.swift in Sources */,
				3DEC11262084464000E19D68 /* BaseTabBarController.swift in Sources */,
				3DEC113A2084923300E19D68 /* MyViewController.swift in Sources */,
				3D5B8BA2208879B9006889E8 /* SetView.swift in Sources */,
				3D5B8B9C2088787F006889E8 /* SetViewController.swift in Sources */,
				3DEC1143208595A300E19D68 /* MyView.swift in Sources */,
				3DEC11472086E0B500E19D68 /* MyProfileTableViewCell.swift in Sources */,
				3DEC1130208491C600E19D68 /* BaseViewController.swift in Sources */,
				3DEC10142084394100E19D68 /* AppDelegate.swift in Sources */,
				3DEC11452085A51800E19D68 /* MyTableViewCell.swift in Sources */,
				3DEC11382084922500E19D68 /* DiscoverViewController.swift in Sources */,
				3DEC1132208491EE00E19D68 /* HomeViewController.swift in Sources */,
				3D5B8B9F2088793F006889E8 /* SetTableViewCell.swift in Sources */,
				3DEC113C2084929C00E19D68 /* BaseNavigationController.swift in Sources */,
				3DEC11362084921600E19D68 /* ComposeViewController.swift in Sources */,
			);
			runOnlyForDeploymentPostprocessing = 0;
		};
/* End PBXSourcesBuildPhase section */

/* Begin PBXVariantGroup section */
		3DEC10172084394100E19D68 /* Main.storyboard */ = {
			isa = PBXVariantGroup;
			children = (
				3DEC10182084394100E19D68 /* Base */,
			);
			name = Main.storyboard;
			sourceTree = "<group>";
		};
		3DEC101C2084394400E19D68 /* LaunchScreen.storyboard */ = {
			isa = PBXVariantGroup;
			children = (
				3DEC101D2084394400E19D68 /* Base */,
			);
			name = LaunchScreen.storyboard;
			sourceTree = "<group>";
		};
/* End PBXVariantGroup section */

/* Begin XCBuildConfiguration section */
		3DEC10202084394400E19D68 /* Debug */ = {
			isa = XCBuildConfiguration;
			buildSettings = {
				ALWAYS_SEARCH_USER_PATHS = NO;
				CLANG_ANALYZER_NONNULL = YES;
				CLANG_ANALYZER_NUMBER_OBJECT_CONVERSION = YES_AGGRESSIVE;
				CLANG_CXX_LANGUAGE_STANDARD = "gnu++14";
				CLANG_CXX_LIBRARY = "libc++";
				CLANG_ENABLE_MODULES = YES;
				CLANG_ENABLE_OBJC_ARC = YES;
				CLANG_ENABLE_OBJC_WEAK = YES;
				CLANG_WARN_BLOCK_CAPTURE_AUTORELEASING = YES;
				CLANG_WARN_BOOL_CONVERSION = YES;
				CLANG_WARN_COMMA = YES;
				CLANG_WARN_CONSTANT_CONVERSION = YES;
				CLANG_WARN_DEPRECATED_OBJC_IMPLEMENTATIONS = YES;
				CLANG_WARN_DIRECT_OBJC_ISA_USAGE = YES_ERROR;
				CLANG_WARN_DOCUMENTATION_COMMENTS = YES;
				CLANG_WARN_EMPTY_BODY = YES;
				CLANG_WARN_ENUM_CONVERSION = YES;
				CLANG_WARN_INFINITE_RECURSION = YES;
				CLANG_WARN_INT_CONVERSION = YES;
				CLANG_WARN_NON_LITERAL_NULL_CONVERSION = YES;
				CLANG_WARN_OBJC_IMPLICIT_RETAIN_SELF = YES;
				CLANG_WARN_OBJC_LITERAL_CONVERSION = YES;
				CLANG_WARN_OBJC_ROOT_CLASS = YES_ERROR;
				CLANG_WARN_RANGE_LOOP_ANALYSIS = YES;
				CLANG_WARN_STRICT_PROTOTYPES = YES;
				CLANG_WARN_SUSPICIOUS_MOVE = YES;
				CLANG_WARN_UNGUARDED_AVAILABILITY = YES_AGGRESSIVE;
				CLANG_WARN_UNREACHABLE_CODE = YES;
				CLANG_WARN__DUPLICATE_METHOD_MATCH = YES;
				CODE_SIGN_IDENTITY = "iPhone Developer";
				COPY_PHASE_STRIP = NO;
				DEBUG_INFORMATION_FORMAT = dwarf;
				ENABLE_STRICT_OBJC_MSGSEND = YES;
				ENABLE_TESTABILITY = YES;
				GCC_C_LANGUAGE_STANDARD = gnu11;
				GCC_DYNAMIC_NO_PIC = NO;
				GCC_NO_COMMON_BLOCKS = YES;
				GCC_OPTIMIZATION_LEVEL = 0;
				GCC_PREPROCESSOR_DEFINITIONS = (
					"DEBUG=1",
					"$(inherited)",
				);
				GCC_WARN_64_TO_32_BIT_CONVERSION = YES;
				GCC_WARN_ABOUT_RETURN_TYPE = YES_ERROR;
				GCC_WARN_UNDECLARED_SELECTOR = YES;
				GCC_WARN_UNINITIALIZED_AUTOS = YES_AGGRESSIVE;
				GCC_WARN_UNUSED_FUNCTION = YES;
				GCC_WARN_UNUSED_VARIABLE = YES;
				IPHONEOS_DEPLOYMENT_TARGET = 11.3;
				MTL_ENABLE_DEBUG_INFO = YES;
				ONLY_ACTIVE_ARCH = YES;
				SDKROOT = iphoneos;
				SWIFT_ACTIVE_COMPILATION_CONDITIONS = DEBUG;
				SWIFT_OPTIMIZATION_LEVEL = "-Onone";
			};
			name = Debug;
		};
		3DEC10212084394400E19D68 /* Release */ = {
			isa = XCBuildConfiguration;
			buildSettings = {
				ALWAYS_SEARCH_USER_PATHS = NO;
				CLANG_ANALYZER_NONNULL = YES;
				CLANG_ANALYZER_NUMBER_OBJECT_CONVERSION = YES_AGGRESSIVE;
				CLANG_CXX_LANGUAGE_STANDARD = "gnu++14";
				CLANG_CXX_LIBRARY = "libc++";
				CLANG_ENABLE_MODULES = YES;
				CLANG_ENABLE_OBJC_ARC = YES;
				CLANG_ENABLE_OBJC_WEAK = YES;
				CLANG_WARN_BLOCK_CAPTURE_AUTORELEASING = YES;
				CLANG_WARN_BOOL_CONVERSION = YES;
				CLANG_WARN_COMMA = YES;
				CLANG_WARN_CONSTANT_CONVERSION = YES;
				CLANG_WARN_DEPRECATED_OBJC_IMPLEMENTATIONS = YES;
				CLANG_WARN_DIRECT_OBJC_ISA_USAGE = YES_ERROR;
				CLANG_WARN_DOCUMENTATION_COMMENTS = YES;
				CLANG_WARN_EMPTY_BODY = YES;
				CLANG_WARN_ENUM_CONVERSION = YES;
				CLANG_WARN_INFINITE_RECURSION = YES;
				CLANG_WARN_INT_CONVERSION = YES;
				CLANG_WARN_NON_LITERAL_NULL_CONVERSION = YES;
				CLANG_WARN_OBJC_IMPLICIT_RETAIN_SELF = YES;
				CLANG_WARN_OBJC_LITERAL_CONVERSION = YES;
				CLANG_WARN_OBJC_ROOT_CLASS = YES_ERROR;
				CLANG_WARN_RANGE_LOOP_ANALYSIS = YES;
				CLANG_WARN_STRICT_PROTOTYPES = YES;
				CLANG_WARN_SUSPICIOUS_MOVE = YES;
				CLANG_WARN_UNGUARDED_AVAILABILITY = YES_AGGRESSIVE;
				CLANG_WARN_UNREACHABLE_CODE = YES;
				CLANG_WARN__DUPLICATE_METHOD_MATCH = YES;
				CODE_SIGN_IDENTITY = "iPhone Developer";
				COPY_PHASE_STRIP = NO;
				DEBUG_INFORMATION_FORMAT = "dwarf-with-dsym";
				ENABLE_NS_ASSERTIONS = NO;
				ENABLE_STRICT_OBJC_MSGSEND = YES;
				GCC_C_LANGUAGE_STANDARD = gnu11;
				GCC_NO_COMMON_BLOCKS = YES;
				GCC_WARN_64_TO_32_BIT_CONVERSION = YES;
				GCC_WARN_ABOUT_RETURN_TYPE = YES_ERROR;
				GCC_WARN_UNDECLARED_SELECTOR = YES;
				GCC_WARN_UNINITIALIZED_AUTOS = YES_AGGRESSIVE;
				GCC_WARN_UNUSED_FUNCTION = YES;
				GCC_WARN_UNUSED_VARIABLE = YES;
				IPHONEOS_DEPLOYMENT_TARGET = 11.3;
				MTL_ENABLE_DEBUG_INFO = NO;
				SDKROOT = iphoneos;
				SWIFT_COMPILATION_MODE = wholemodule;
				SWIFT_OPTIMIZATION_LEVEL = "-O";
				VALIDATE_PRODUCT = YES;
			};
			name = Release;
		};
		3DEC10232084394400E19D68 /* Debug */ = {
			isa = XCBuildConfiguration;
			baseConfigurationReference = 119DBFCAB34AD8C2DEED01D3 /* Pods-WeiboDemo.debug.xcconfig */;
			buildSettings = {
				ALWAYS_EMBED_SWIFT_STANDARD_LIBRARIES = YES;
				ASSETCATALOG_COMPILER_APPICON_NAME = AppIcon;
				CODE_SIGN_STYLE = Automatic;
				DEVELOPMENT_TEAM = F87FYPRFA8;
				INFOPLIST_FILE = WeiboDemo/Info.plist;
				IPHONEOS_DEPLOYMENT_TARGET = 9.0;
				LD_RUNPATH_SEARCH_PATHS = (
					"$(inherited)",
					"@executable_path/Frameworks",
				);
				PRODUCT_BUNDLE_IDENTIFIER = com.hwj.WeiboDemo;
				PRODUCT_NAME = "$(TARGET_NAME)";
				SWIFT_VERSION = 4.0;
				TARGETED_DEVICE_FAMILY = "1,2";
			};
			name = Debug;
		};
		3DEC10242084394400E19D68 /* Release */ = {
			isa = XCBuildConfiguration;
			baseConfigurationReference = C99E4F935DDCA91042821858 /* Pods-WeiboDemo.release.xcconfig */;
			buildSettings = {
				ALWAYS_EMBED_SWIFT_STANDARD_LIBRARIES = YES;
				ASSETCATALOG_COMPILER_APPICON_NAME = AppIcon;
				CODE_SIGN_STYLE = Automatic;
				DEVELOPMENT_TEAM = F87FYPRFA8;
				INFOPLIST_FILE = WeiboDemo/Info.plist;
				IPHONEOS_DEPLOYMENT_TARGET = 9.0;
				LD_RUNPATH_SEARCH_PATHS = (
					"$(inherited)",
					"@executable_path/Frameworks",
				);
				PRODUCT_BUNDLE_IDENTIFIER = com.hwj.WeiboDemo;
				PRODUCT_NAME = "$(TARGET_NAME)";
				SWIFT_VERSION = 4.0;
				TARGETED_DEVICE_FAMILY = "1,2";
			};
			name = Release;
		};
/* End XCBuildConfiguration section */

/* Begin XCConfigurationList section */
		3DEC100B2084394100E19D68 /* Build configuration list for PBXProject "WeiboDemo" */ = {
			isa = XCConfigurationList;
			buildConfigurations = (
				3DEC10202084394400E19D68 /* Debug */,
				3DEC10212084394400E19D68 /* Release */,
			);
			defaultConfigurationIsVisible = 0;
			defaultConfigurationName = Release;
		};
		3DEC10222084394400E19D68 /* Build configuration list for PBXNativeTarget "WeiboDemo" */ = {
			isa = XCConfigurationList;
			buildConfigurations = (
				3DEC10232084394400E19D68 /* Debug */,
				3DEC10242084394400E19D68 /* Release */,
			);
			defaultConfigurationIsVisible = 0;
			defaultConfigurationName = Release;
		};
/* End XCConfigurationList section */
	};
	rootObject = 3DEC10082084394100E19D68 /* Project object */;
}
